
Microsoft Visual Studio Solution File, Format Version 12.00
# Visual Studio 15
Project("{FAE04EC0-301F-11D3-BF4B-00C04F79EFBC}") = "Assembly-CSharp", "Assembly-CSharp.csproj", "{6656DD3E-66FB-99B9-ECFF-C3B786419A1C}"
EndProject
Project("{FAE04EC0-301F-11D3-BF4B-00C04F79EFBC}") = "Assembly-CSharp-firstpass", "Assembly-CSharp-firstpass.csproj", "{A09B561B-7819-2BCF-9A3A-0DF3A6A4DCB2}"
EndProject
Project("{FAE04EC0-301F-11D3-BF4B-00C04F79EFBC}") = "Assembly-CSharp-Editor", "Assembly-CSharp-Editor.csproj", "{886ACB8B-9AB8-08F1-AF84-A198F8C7E0E2}"
EndProject
Project("{FAE04EC0-301F-11D3-BF4B-00C04F79EFBC}") = "Assembly-CSharp-Editor-firstpass", "Assembly-CSharp-Editor-firstpass.csproj", "{E4057AEB-B4ED-DD7D-B180-BFC7462C2F61}"
EndProject
Global
	GlobalSection(SolutionConfigurationPlatforms) = preSolution
		Debug|Any CPU = Debug|Any CPU
		Release|Any CPU = Release|Any CPU
	EndGlobalSection
	GlobalSection(ProjectConfigurationPlatforms) = postSolution
		{6656DD3E-66FB-99B9-ECFF-C3B786419A1C}.Debug|Any CPU.ActiveCfg = Debug|Any CPU
		{6656DD3E-66FB-99B9-ECFF-C3B786419A1C}.Debug|Any CPU.Build.0 = Debug|Any CPU
		{6656DD3E-66FB-99B9-ECFF-C3B786419A1C}.Release|Any CPU.ActiveCfg = Release|Any CPU
		{6656DD3E-66FB-99B9-ECFF-C3B786419A1C}.Release|Any CPU.Build.0 = Release|Any CPU
		{A09B561B-7819-2BCF-9A3A-0DF3A6A4DCB2}.Debug|Any CPU.ActiveCfg = Debug|Any CPU
		{A09B561B-7819-2BCF-9A3A-0DF3A6A4DCB2}.Debug|Any CPU.Build.0 = Debug|Any CPU
		{A09B561B-7819-2BCF-9A3A-0DF3A6A4DCB2}.Release|Any CPU.ActiveCfg = Release|Any CPU
		{A09B561B-7819-2BCF-9A3A-0DF3A6A4DCB2}.Release|Any CPU.Build.0 = Release|Any CPU
		{886ACB8B-9AB8-08F1-AF84-A198F8C7E0E2}.Debug|Any CPU.ActiveCfg = Debug|Any CPU
		{886ACB8B-9AB8-08F1-AF84-A198F8C7E0E2}.Debug|Any CPU.Build.0 = Debug|Any CPU
		{886ACB8B-9AB8-08F1-AF84-A198F8C7E0E2}.Release|Any CPU.ActiveCfg = Release|Any CPU
		{886ACB8B-9AB8-08F1-AF84-A198F8C7E0E2}.Release|Any CPU.Build.0 = Release|Any CPU
		{E4057AEB-B4ED-DD7D-B180-BFC7462C2F61}.Debug|Any CPU.ActiveCfg = Debug|Any CPU
		{E4057AEB-B4ED-DD7D-B180-BFC7462C2F61}.Debug|Any CPU.Build.0 = Debug|Any CPU
		{E4057AEB-B4ED-DD7D-B180-BFC7462C2F61}.Release|Any CPU.ActiveCfg = Release|Any CPU
		{E4057AEB-B4ED-DD7D-B180-BFC7462C2F61}.Release|Any CPU.Build.0 = Release|Any CPU
	EndGlobalSection
	GlobalSection(SolutionProperties) = preSolution
		HideSolutionNode = FALSE
	EndGlobalSection
EndGlobal
