
Microsoft Visual Studio Solution File, Format Version 12.00
# Visual Studio 15
Project("{FAE04EC0-301F-11D3-BF4B-00C04F79EFBC}") = "UnityEngine.UI", "UnityEngine.UI.csproj", "{06B7FB38-FD88-6E4D-F2EC-256C6E4B2738}"
EndProject
Project("{FAE04EC0-301F-11D3-BF4B-00C04F79EFBC}") = "Unity.RenderPipelines.Core.Runtime", "Unity.RenderPipelines.Core.Runtime.csproj", "{3CD88A5F-BA2A-D3D8-A375-064C9F58C8AB}"
EndProject
Project("{FAE04EC0-301F-11D3-BF4B-00C04F79EFBC}") = "UnityEngine.TestRunner", "UnityEngine.TestRunner.csproj", "{17820750-6065-AEFE-C0BA-D60A395E13EE}"
EndProject
Project("{FAE04EC0-301F-11D3-BF4B-00C04F79EFBC}") = "Unity.VisualScripting.Flow", "Unity.VisualScripting.Flow.csproj", "{D99EB910-81A2-6884-5F87-174F4349B29E}"
EndProject
Project("{FAE04EC0-301F-11D3-BF4B-00C04F79EFBC}") = "Unity.Mathematics", "Unity.Mathematics.csproj", "{FAC77117-E5D6-144A-9AE7-FAD7FEEE6D78}"
EndProject
Project("{FAE04EC0-301F-11D3-BF4B-00C04F79EFBC}") = "Unity.VisualScripting.State", "Unity.VisualScripting.State.csproj", "{99926713-C09A-8B6E-2133-84F1ECF29643}"
EndProject
Project("{FAE04EC0-301F-11D3-BF4B-00C04F79EFBC}") = "Assembly-CSharp-firstpass", "Assembly-CSharp-firstpass.csproj", "{A09B561B-7819-2BCF-9A3A-0DF3A6A4DCB2}"
EndProject
Project("{FAE04EC0-301F-11D3-BF4B-00C04F79EFBC}") = "Unity.VisualScripting.Core", "Unity.VisualScripting.Core.csproj", "{07326B62-3EDA-9D45-14B8-680E28497E30}"
EndProject
Project("{FAE04EC0-301F-11D3-BF4B-00C04F79EFBC}") = "Unity.RenderPipelines.Universal.Runtime", "Unity.RenderPipelines.Universal.Runtime.csproj", "{A79613EF-433C-B764-22E5-002BA3510C3E}"
EndProject
Project("{FAE04EC0-301F-11D3-BF4B-00C04F79EFBC}") = "Assembly-CSharp", "Assembly-CSharp.csproj", "{6656DD3E-66FB-99B9-ECFF-C3B786419A1C}"
EndProject
Project("{FAE04EC0-301F-11D3-BF4B-00C04F79EFBC}") = "Unity.Burst", "Unity.Burst.csproj", "{5CD7E3AC-F11C-D88C-0187-8E757ECDC7B6}"
EndProject
Project("{FAE04EC0-301F-11D3-BF4B-00C04F79EFBC}") = "Unity.2D.Animation.Runtime", "Unity.2D.Animation.Runtime.csproj", "{AA068F58-F606-0B0B-BF86-3FCDE37BED07}"
EndProject
Project("{FAE04EC0-301F-11D3-BF4B-00C04F79EFBC}") = "Unity.TextMeshPro", "Unity.TextMeshPro.csproj", "{9CE04D48-1422-661F-DE25-CFB3B911BDD6}"
EndProject
Project("{FAE04EC0-301F-11D3-BF4B-00C04F79EFBC}") = "Cinemachine", "Cinemachine.csproj", "{62BCF0C0-1967-DE3F-5961-26A1DE5875DB}"
EndProject
Project("{FAE04EC0-301F-11D3-BF4B-00C04F79EFBC}") = "Unity.Timeline", "Unity.Timeline.csproj", "{5C8914F1-B054-CDF4-99A5-A4E153F8E022}"
EndProject
Project("{FAE04EC0-301F-11D3-BF4B-00C04F79EFBC}") = "Unity.RenderPipeline.Universal.ShaderLibrary", "Unity.RenderPipeline.Universal.ShaderLibrary.csproj", "{9099FC94-1E58-AE3C-B2EA-14DF45E94CA1}"
EndProject
Project("{FAE04EC0-301F-11D3-BF4B-00C04F79EFBC}") = "Unity.2D.SpriteShape.Runtime", "Unity.2D.SpriteShape.Runtime.csproj", "{DE24B6AC-7231-542E-83E2-AED7EEE0EA52}"
EndProject
Project("{FAE04EC0-301F-11D3-BF4B-00C04F79EFBC}") = "Unity.2D.PixelPerfect", "Unity.2D.PixelPerfect.csproj", "{4DBB6B5F-BF94-C64F-6924-98C4FDC91F75}"
EndProject
Project("{FAE04EC0-301F-11D3-BF4B-00C04F79EFBC}") = "Unity.2D.Common.Runtime", "Unity.2D.Common.Runtime.csproj", "{B7C1DAF7-14ED-D8BE-31A3-31180E0056B3}"
EndProject
Project("{FAE04EC0-301F-11D3-BF4B-00C04F79EFBC}") = "Unity.2D.IK.Runtime", "Unity.2D.IK.Runtime.csproj", "{08E0D95D-D2E3-96B4-611C-4A4178B0D337}"
EndProject
Project("{FAE04EC0-301F-11D3-BF4B-00C04F79EFBC}") = "Unity.2D.Tilemap.Extras", "Unity.2D.Tilemap.Extras.csproj", "{005DAF7B-3735-F169-E0DD-BB6D1DBA6A7A}"
EndProject
Project("{FAE04EC0-301F-11D3-BF4B-00C04F79EFBC}") = "Unity.RenderPipelines.Core.ShaderLibrary", "Unity.RenderPipelines.Core.ShaderLibrary.csproj", "{56397A5F-C228-3B2A-15EB-034A0F90D18C}"
EndProject
Project("{FAE04EC0-301F-11D3-BF4B-00C04F79EFBC}") = "Unity.InternalAPIEngineBridge.001", "Unity.InternalAPIEngineBridge.001.csproj", "{A6BF9D1A-1456-D6C6-C69C-C58CBA27718A}"
EndProject
Project("{FAE04EC0-301F-11D3-BF4B-00C04F79EFBC}") = "Unity.RenderPipelines.Universal.Shaders", "Unity.RenderPipelines.Universal.Shaders.csproj", "{E778D061-0277-F5BC-40DB-A1014AEE5681}"
EndProject
Project("{FAE04EC0-301F-11D3-BF4B-00C04F79EFBC}") = "Unity.RenderPipelines.ShaderGraph.ShaderGraphLibrary", "Unity.RenderPipelines.ShaderGraph.ShaderGraphLibrary.csproj", "{F0396FB5-1E01-A3D5-1EC2-E7625816B4C7}"
EndProject
Project("{FAE04EC0-301F-11D3-BF4B-00C04F79EFBC}") = "Unity.AI.Navigation", "Unity.AI.Navigation.csproj", "{5C81F87B-8E02-1E44-7CC3-BA977C6D1C7F}"
EndProject
Project("{FAE04EC0-301F-11D3-BF4B-00C04F79EFBC}") = "Unity.PlasticSCM.Editor", "Unity.PlasticSCM.Editor.csproj", "{AEEC5C82-74A2-4A33-E1C4-D9835D604C84}"
EndProject
Project("{FAE04EC0-301F-11D3-BF4B-00C04F79EFBC}") = "Unity.VisualScripting.Core.Editor", "Unity.VisualScripting.Core.Editor.csproj", "{6450D9DF-C816-7E5D-EB62-EC070451FCFB}"
EndProject
Project("{FAE04EC0-301F-11D3-BF4B-00C04F79EFBC}") = "Unity.VisualScripting.Flow.Editor", "Unity.VisualScripting.Flow.Editor.csproj", "{37DE4393-1E91-9BE8-E005-05AE4C49CB8B}"
EndProject
Project("{FAE04EC0-301F-11D3-BF4B-00C04F79EFBC}") = "Unity.ShaderGraph.Editor", "Unity.ShaderGraph.Editor.csproj", "{D1F23839-CF4A-262E-F16B-A06E667462DC}"
EndProject
Project("{FAE04EC0-301F-11D3-BF4B-00C04F79EFBC}") = "Unity.VisualStudio.Editor", "Unity.VisualStudio.Editor.csproj", "{423C7815-BB27-FB9B-6A81-9804AA2B7E1F}"
EndProject
Project("{FAE04EC0-301F-11D3-BF4B-00C04F79EFBC}") = "Unity.Timeline.Editor", "Unity.Timeline.Editor.csproj", "{977670B5-C049-C226-C2A9-056A00EF8FBE}"
EndProject
Project("{FAE04EC0-301F-11D3-BF4B-00C04F79EFBC}") = "Unity.RenderPipelines.Universal.Editor", "Unity.RenderPipelines.Universal.Editor.csproj", "{92109329-DC7B-7E76-6D99-FC9E400222A2}"
EndProject
Project("{FAE04EC0-301F-11D3-BF4B-00C04F79EFBC}") = "com.unity.cinemachine.editor", "com.unity.cinemachine.editor.csproj", "{6364DAE1-FB24-517D-550D-0B48A5C44652}"
EndProject
Project("{FAE04EC0-301F-11D3-BF4B-00C04F79EFBC}") = "Unity.VisualScripting.State.Editor", "Unity.VisualScripting.State.Editor.csproj", "{60425F02-CF60-9B3D-BF9A-BEF74E1BBD93}"
EndProject
Project("{FAE04EC0-301F-11D3-BF4B-00C04F79EFBC}") = "Unity.TextMeshPro.Editor", "Unity.TextMeshPro.Editor.csproj", "{4C8FF2C5-CAEE-3DC9-4390-B11377B1043A}"
EndProject
Project("{FAE04EC0-301F-11D3-BF4B-00C04F79EFBC}") = "Unity.2D.PixelPerfect.Editor", "Unity.2D.PixelPerfect.Editor.csproj", "{FCED831C-941B-307D-205B-870810134E92}"
EndProject
Project("{FAE04EC0-301F-11D3-BF4B-00C04F79EFBC}") = "Unity.RenderPipelines.Core.Editor", "Unity.RenderPipelines.Core.Editor.csproj", "{C46786F2-2889-65AB-018D-1823C710BAE1}"
EndProject
Project("{FAE04EC0-301F-11D3-BF4B-00C04F79EFBC}") = "Unity.2D.Animation.Editor", "Unity.2D.Animation.Editor.csproj", "{F0FFCBF1-A6F3-4B0B-9577-6CC523122FBA}"
EndProject
Project("{FAE04EC0-301F-11D3-BF4B-00C04F79EFBC}") = "Unity.VisualScripting.SettingsProvider.Editor", "Unity.VisualScripting.SettingsProvider.Editor.csproj", "{775E71C2-51DF-8BD0-695A-0CF654F9D94D}"
EndProject
Project("{FAE04EC0-301F-11D3-BF4B-00C04F79EFBC}") = "Unity.2D.Psdimporter.Editor", "Unity.2D.Psdimporter.Editor.csproj", "{929F1935-1EAC-4D57-63A9-66909BA30D14}"
EndProject
Project("{FAE04EC0-301F-11D3-BF4B-00C04F79EFBC}") = "UnityEditor.TestRunner", "UnityEditor.TestRunner.csproj", "{4C6CCDAA-A6D7-A81B-14E2-D5517C636496}"
EndProject
Project("{FAE04EC0-301F-11D3-BF4B-00C04F79EFBC}") = "Assembly-CSharp-Editor", "Assembly-CSharp-Editor.csproj", "{886ACB8B-9AB8-08F1-AF84-A198F8C7E0E2}"
EndProject
Project("{FAE04EC0-301F-11D3-BF4B-00C04F79EFBC}") = "Unity.Rider.Editor", "Unity.Rider.Editor.csproj", "{0303F15F-B8D4-DCCA-44EE-536AE332F4CE}"
EndProject
Project("{FAE04EC0-301F-11D3-BF4B-00C04F79EFBC}") = "Unity.2D.Tilemap.Editor", "Unity.2D.Tilemap.Editor.csproj", "{D0D1FEEB-0662-7739-519E-0DDF099D1A59}"
EndProject
Project("{FAE04EC0-301F-11D3-BF4B-00C04F79EFBC}") = "Unity.2D.Path.Editor", "Unity.2D.Path.Editor.csproj", "{7BD656D9-1DB0-0919-B011-C9DD86C86533}"
EndProject
Project("{FAE04EC0-301F-11D3-BF4B-00C04F79EFBC}") = "PsdPlugin", "PsdPlugin.csproj", "{A05DDC1C-87A2-8FDF-AA89-0EB9AB6A8BC3}"
EndProject
Project("{FAE04EC0-301F-11D3-BF4B-00C04F79EFBC}") = "Unity.Searcher.Editor", "Unity.Searcher.Editor.csproj", "{9B96A098-A0F1-9ADD-0695-4488AD8BEEC8}"
EndProject
Project("{FAE04EC0-301F-11D3-BF4B-00C04F79EFBC}") = "Unity.2D.IK.Editor", "Unity.2D.IK.Editor.csproj", "{B3BDE0EF-F12D-D906-92CA-E420FB3F547A}"
EndProject
Project("{FAE04EC0-301F-11D3-BF4B-00C04F79EFBC}") = "Unity.2D.SpriteShape.Editor", "Unity.2D.SpriteShape.Editor.csproj", "{17E1EFA6-36E3-8B4B-1025-0868911DA8FF}"
EndProject
Project("{FAE04EC0-301F-11D3-BF4B-00C04F79EFBC}") = "Unity.SysrootPackage.Editor", "Unity.SysrootPackage.Editor.csproj", "{FADEA149-1516-D6EC-A4CA-A0A5B9161D1F}"
EndProject
Project("{FAE04EC0-301F-11D3-BF4B-00C04F79EFBC}") = "Unity.Burst.CodeGen", "Unity.Burst.CodeGen.csproj", "{400F888F-B6D2-F094-0E2C-EAFE77A4DC16}"
EndProject
Project("{FAE04EC0-301F-11D3-BF4B-00C04F79EFBC}") = "Unity.VSCode.Editor", "Unity.VSCode.Editor.csproj", "{FC505AAB-2022-4559-40D0-69193027CB88}"
EndProject
Project("{FAE04EC0-301F-11D3-BF4B-00C04F79EFBC}") = "Unity.Toolchain.Win-x86_64-Linux-x86_64", "Unity.Toolchain.Win-x86_64-Linux-x86_64.csproj", "{4FBDE400-57C6-7E9B-3771-CDAAA1E17591}"
EndProject
Project("{FAE04EC0-301F-11D3-BF4B-00C04F79EFBC}") = "Unity.2D.Sprite.Editor", "Unity.2D.Sprite.Editor.csproj", "{613CFEA1-4D47-4B18-5099-E672D4D07DB7}"
EndProject
Project("{FAE04EC0-301F-11D3-BF4B-00C04F79EFBC}") = "UnityEditor.UI", "UnityEditor.UI.csproj", "{8DD3F296-0093-3CAF-9E01-9228A275035E}"
EndProject
Project("{FAE04EC0-301F-11D3-BF4B-00C04F79EFBC}") = "PPv2URPConverters", "PPv2URPConverters.csproj", "{6567B86D-6C93-B7D8-5CDF-BBD1124E6ED1}"
EndProject
Project("{FAE04EC0-301F-11D3-BF4B-00C04F79EFBC}") = "Unity.2D.Common.Editor", "Unity.2D.Common.Editor.csproj", "{423B7DC6-F13B-74B4-AE67-164A7ADF1F77}"
EndProject
Project("{FAE04EC0-301F-11D3-BF4B-00C04F79EFBC}") = "Unity.CollabProxy.Editor", "Unity.CollabProxy.Editor.csproj", "{D470AE98-C74D-6CAA-867F-15AC9C41EAE7}"
EndProject
Project("{FAE04EC0-301F-11D3-BF4B-00C04F79EFBC}") = "Unity.Mathematics.Editor", "Unity.Mathematics.Editor.csproj", "{A8E57E95-B08C-DE16-B2D6-44B2DC0ECF7A}"
EndProject
Project("{FAE04EC0-301F-11D3-BF4B-00C04F79EFBC}") = "Unity.2D.Tilemap.Extras.Editor", "Unity.2D.Tilemap.Extras.Editor.csproj", "{1D0CD877-580D-5FF5-3890-7AA33941EDB9}"
EndProject
Project("{FAE04EC0-301F-11D3-BF4B-00C04F79EFBC}") = "Unity.Burst.Editor", "Unity.Burst.Editor.csproj", "{4CC8566C-70A1-3AB6-6E90-AC32F2F5BAD5}"
EndProject
Project("{FAE04EC0-301F-11D3-BF4B-00C04F79EFBC}") = "Unity.InternalAPIEditorBridge.001", "Unity.InternalAPIEditorBridge.001.csproj", "{E2BA73DB-1CB9-D4E9-1A30-84906857B6E4}"
EndProject
Project("{FAE04EC0-301F-11D3-BF4B-00C04F79EFBC}") = "Assembly-CSharp-Editor-firstpass", "Assembly-CSharp-Editor-firstpass.csproj", "{E4057AEB-B4ED-DD7D-B180-BFC7462C2F61}"
EndProject
Project("{FAE04EC0-301F-11D3-BF4B-00C04F79EFBC}") = "Unity.ShaderGraph.Utilities", "Unity.ShaderGraph.Utilities.csproj", "{946462EF-619D-A4B2-8C26-2405329F35E8}"
EndProject
Project("{FAE04EC0-301F-11D3-BF4B-00C04F79EFBC}") = "Unity.Sysroot.Linux_x86_64", "Unity.Sysroot.Linux_x86_64.csproj", "{6D9B9276-6660-378D-1934-40B69B25D16C}"
EndProject
Project("{FAE04EC0-301F-11D3-BF4B-00C04F79EFBC}") = "Unity.VisualScripting.Shared.Editor", "Unity.VisualScripting.Shared.Editor.csproj", "{65642634-C11B-64C5-FE9F-16964A683EF7}"
EndProject
Project("{FAE04EC0-301F-11D3-BF4B-00C04F79EFBC}") = "Unity.AI.Navigation.Editor", "Unity.AI.Navigation.Editor.csproj", "{FE01DCF3-D3AB-D193-5B52-74BBA835199D}"
EndProject
Global
	GlobalSection(SolutionConfigurationPlatforms) = preSolution
		Debug|Any CPU = Debug|Any CPU
		Release|Any CPU = Release|Any CPU
	EndGlobalSection
	GlobalSection(ProjectConfigurationPlatforms) = postSolution
		{06B7FB38-FD88-6E4D-F2EC-256C6E4B2738}.Debug|Any CPU.ActiveCfg = Debug|Any CPU
		{06B7FB38-FD88-6E4D-F2EC-256C6E4B2738}.Debug|Any CPU.Build.0 = Debug|Any CPU
		{06B7FB38-FD88-6E4D-F2EC-256C6E4B2738}.Release|Any CPU.ActiveCfg = Release|Any CPU
		{06B7FB38-FD88-6E4D-F2EC-256C6E4B2738}.Release|Any CPU.Build.0 = Release|Any CPU
		{3CD88A5F-BA2A-D3D8-A375-064C9F58C8AB}.Debug|Any CPU.ActiveCfg = Debug|Any CPU
		{3CD88A5F-BA2A-D3D8-A375-064C9F58C8AB}.Debug|Any CPU.Build.0 = Debug|Any CPU
		{3CD88A5F-BA2A-D3D8-A375-064C9F58C8AB}.Release|Any CPU.ActiveCfg = Release|Any CPU
		{3CD88A5F-BA2A-D3D8-A375-064C9F58C8AB}.Release|Any CPU.Build.0 = Release|Any CPU
		{17820750-6065-AEFE-C0BA-D60A395E13EE}.Debug|Any CPU.ActiveCfg = Debug|Any CPU
		{17820750-6065-AEFE-C0BA-D60A395E13EE}.Debug|Any CPU.Build.0 = Debug|Any CPU
		{17820750-6065-AEFE-C0BA-D60A395E13EE}.Release|Any CPU.ActiveCfg = Release|Any CPU
		{17820750-6065-AEFE-C0BA-D60A395E13EE}.Release|Any CPU.Build.0 = Release|Any CPU
		{D99EB910-81A2-6884-5F87-174F4349B29E}.Debug|Any CPU.ActiveCfg = Debug|Any CPU
		{D99EB910-81A2-6884-5F87-174F4349B29E}.Debug|Any CPU.Build.0 = Debug|Any CPU
		{D99EB910-81A2-6884-5F87-174F4349B29E}.Release|Any CPU.ActiveCfg = Release|Any CPU
		{D99EB910-81A2-6884-5F87-174F4349B29E}.Release|Any CPU.Build.0 = Release|Any CPU
		{FAC77117-E5D6-144A-9AE7-FAD7FEEE6D78}.Debug|Any CPU.ActiveCfg = Debug|Any CPU
		{FAC77117-E5D6-144A-9AE7-FAD7FEEE6D78}.Debug|Any CPU.Build.0 = Debug|Any CPU
		{FAC77117-E5D6-144A-9AE7-FAD7FEEE6D78}.Release|Any CPU.ActiveCfg = Release|Any CPU
		{FAC77117-E5D6-144A-9AE7-FAD7FEEE6D78}.Release|Any CPU.Build.0 = Release|Any CPU
		{99926713-C09A-8B6E-2133-84F1ECF29643}.Debug|Any CPU.ActiveCfg = Debug|Any CPU
		{99926713-C09A-8B6E-2133-84F1ECF29643}.Debug|Any CPU.Build.0 = Debug|Any CPU
		{99926713-C09A-8B6E-2133-84F1ECF29643}.Release|Any CPU.ActiveCfg = Release|Any CPU
		{99926713-C09A-8B6E-2133-84F1ECF29643}.Release|Any CPU.Build.0 = Release|Any CPU
		{A09B561B-7819-2BCF-9A3A-0DF3A6A4DCB2}.Debug|Any CPU.ActiveCfg = Debug|Any CPU
		{A09B561B-7819-2BCF-9A3A-0DF3A6A4DCB2}.Debug|Any CPU.Build.0 = Debug|Any CPU
		{A09B561B-7819-2BCF-9A3A-0DF3A6A4DCB2}.Release|Any CPU.ActiveCfg = Release|Any CPU
		{A09B561B-7819-2BCF-9A3A-0DF3A6A4DCB2}.Release|Any CPU.Build.0 = Release|Any CPU
		{07326B62-3EDA-9D45-14B8-680E28497E30}.Debug|Any CPU.ActiveCfg = Debug|Any CPU
		{07326B62-3EDA-9D45-14B8-680E28497E30}.Debug|Any CPU.Build.0 = Debug|Any CPU
		{07326B62-3EDA-9D45-14B8-680E28497E30}.Release|Any CPU.ActiveCfg = Release|Any CPU
		{07326B62-3EDA-9D45-14B8-680E28497E30}.Release|Any CPU.Build.0 = Release|Any CPU
		{A79613EF-433C-B764-22E5-002BA3510C3E}.Debug|Any CPU.ActiveCfg = Debug|Any CPU
		{A79613EF-433C-B764-22E5-002BA3510C3E}.Debug|Any CPU.Build.0 = Debug|Any CPU
		{A79613EF-433C-B764-22E5-002BA3510C3E}.Release|Any CPU.ActiveCfg = Release|Any CPU
		{A79613EF-433C-B764-22E5-002BA3510C3E}.Release|Any CPU.Build.0 = Release|Any CPU
		{6656DD3E-66FB-99B9-ECFF-C3B786419A1C}.Debug|Any CPU.ActiveCfg = Debug|Any CPU
		{6656DD3E-66FB-99B9-ECFF-C3B786419A1C}.Debug|Any CPU.Build.0 = Debug|Any CPU
		{6656DD3E-66FB-99B9-ECFF-C3B786419A1C}.Release|Any CPU.ActiveCfg = Release|Any CPU
		{6656DD3E-66FB-99B9-ECFF-C3B786419A1C}.Release|Any CPU.Build.0 = Release|Any CPU
		{5CD7E3AC-F11C-D88C-0187-8E757ECDC7B6}.Debug|Any CPU.ActiveCfg = Debug|Any CPU
		{5CD7E3AC-F11C-D88C-0187-8E757ECDC7B6}.Debug|Any CPU.Build.0 = Debug|Any CPU
		{5CD7E3AC-F11C-D88C-0187-8E757ECDC7B6}.Release|Any CPU.ActiveCfg = Release|Any CPU
		{5CD7E3AC-F11C-D88C-0187-8E757ECDC7B6}.Release|Any CPU.Build.0 = Release|Any CPU
		{AA068F58-F606-0B0B-BF86-3FCDE37BED07}.Debug|Any CPU.ActiveCfg = Debug|Any CPU
		{AA068F58-F606-0B0B-BF86-3FCDE37BED07}.Debug|Any CPU.Build.0 = Debug|Any CPU
		{AA068F58-F606-0B0B-BF86-3FCDE37BED07}.Release|Any CPU.ActiveCfg = Release|Any CPU
		{AA068F58-F606-0B0B-BF86-3FCDE37BED07}.Release|Any CPU.Build.0 = Release|Any CPU
		{9CE04D48-1422-661F-DE25-CFB3B911BDD6}.Debug|Any CPU.ActiveCfg = Debug|Any CPU
		{9CE04D48-1422-661F-DE25-CFB3B911BDD6}.Debug|Any CPU.Build.0 = Debug|Any CPU
		{9CE04D48-1422-661F-DE25-CFB3B911BDD6}.Release|Any CPU.ActiveCfg = Release|Any CPU
		{9CE04D48-1422-661F-DE25-CFB3B911BDD6}.Release|Any CPU.Build.0 = Release|Any CPU
		{62BCF0C0-1967-DE3F-5961-26A1DE5875DB}.Debug|Any CPU.ActiveCfg = Debug|Any CPU
		{62BCF0C0-1967-DE3F-5961-26A1DE5875DB}.Debug|Any CPU.Build.0 = Debug|Any CPU
		{62BCF0C0-1967-DE3F-5961-26A1DE5875DB}.Release|Any CPU.ActiveCfg = Release|Any CPU
		{62BCF0C0-1967-DE3F-5961-26A1DE5875DB}.Release|Any CPU.Build.0 = Release|Any CPU
		{5C8914F1-B054-CDF4-99A5-A4E153F8E022}.Debug|Any CPU.ActiveCfg = Debug|Any CPU
		{5C8914F1-B054-CDF4-99A5-A4E153F8E022}.Debug|Any CPU.Build.0 = Debug|Any CPU
		{5C8914F1-B054-CDF4-99A5-A4E153F8E022}.Release|Any CPU.ActiveCfg = Release|Any CPU
		{5C8914F1-B054-CDF4-99A5-A4E153F8E022}.Release|Any CPU.Build.0 = Release|Any CPU
		{9099FC94-1E58-AE3C-B2EA-14DF45E94CA1}.Debug|Any CPU.ActiveCfg = Debug|Any CPU
		{9099FC94-1E58-AE3C-B2EA-14DF45E94CA1}.Debug|Any CPU.Build.0 = Debug|Any CPU
		{9099FC94-1E58-AE3C-B2EA-14DF45E94CA1}.Release|Any CPU.ActiveCfg = Release|Any CPU
		{9099FC94-1E58-AE3C-B2EA-14DF45E94CA1}.Release|Any CPU.Build.0 = Release|Any CPU
		{DE24B6AC-7231-542E-83E2-AED7EEE0EA52}.Debug|Any CPU.ActiveCfg = Debug|Any CPU
		{DE24B6AC-7231-542E-83E2-AED7EEE0EA52}.Debug|Any CPU.Build.0 = Debug|Any CPU
		{DE24B6AC-7231-542E-83E2-AED7EEE0EA52}.Release|Any CPU.ActiveCfg = Release|Any CPU
		{DE24B6AC-7231-542E-83E2-AED7EEE0EA52}.Release|Any CPU.Build.0 = Release|Any CPU
		{4DBB6B5F-BF94-C64F-6924-98C4FDC91F75}.Debug|Any CPU.ActiveCfg = Debug|Any CPU
		{4DBB6B5F-BF94-C64F-6924-98C4FDC91F75}.Debug|Any CPU.Build.0 = Debug|Any CPU
		{4DBB6B5F-BF94-C64F-6924-98C4FDC91F75}.Release|Any CPU.ActiveCfg = Release|Any CPU
		{4DBB6B5F-BF94-C64F-6924-98C4FDC91F75}.Release|Any CPU.Build.0 = Release|Any CPU
		{B7C1DAF7-14ED-D8BE-31A3-31180E0056B3}.Debug|Any CPU.ActiveCfg = Debug|Any CPU
		{B7C1DAF7-14ED-D8BE-31A3-31180E0056B3}.Debug|Any CPU.Build.0 = Debug|Any CPU
		{B7C1DAF7-14ED-D8BE-31A3-31180E0056B3}.Release|Any CPU.ActiveCfg = Release|Any CPU
		{B7C1DAF7-14ED-D8BE-31A3-31180E0056B3}.Release|Any CPU.Build.0 = Release|Any CPU
		{08E0D95D-D2E3-96B4-611C-4A4178B0D337}.Debug|Any CPU.ActiveCfg = Debug|Any CPU
		{08E0D95D-D2E3-96B4-611C-4A4178B0D337}.Debug|Any CPU.Build.0 = Debug|Any CPU
		{08E0D95D-D2E3-96B4-611C-4A4178B0D337}.Release|Any CPU.ActiveCfg = Release|Any CPU
		{08E0D95D-D2E3-96B4-611C-4A4178B0D337}.Release|Any CPU.Build.0 = Release|Any CPU
		{005DAF7B-3735-F169-E0DD-BB6D1DBA6A7A}.Debug|Any CPU.ActiveCfg = Debug|Any CPU
		{005DAF7B-3735-F169-E0DD-BB6D1DBA6A7A}.Debug|Any CPU.Build.0 = Debug|Any CPU
		{005DAF7B-3735-F169-E0DD-BB6D1DBA6A7A}.Release|Any CPU.ActiveCfg = Release|Any CPU
		{005DAF7B-3735-F169-E0DD-BB6D1DBA6A7A}.Release|Any CPU.Build.0 = Release|Any CPU
		{56397A5F-C228-3B2A-15EB-034A0F90D18C}.Debug|Any CPU.ActiveCfg = Debug|Any CPU
		{56397A5F-C228-3B2A-15EB-034A0F90D18C}.Debug|Any CPU.Build.0 = Debug|Any CPU
		{56397A5F-C228-3B2A-15EB-034A0F90D18C}.Release|Any CPU.ActiveCfg = Release|Any CPU
		{56397A5F-C228-3B2A-15EB-034A0F90D18C}.Release|Any CPU.Build.0 = Release|Any CPU
		{A6BF9D1A-1456-D6C6-C69C-C58CBA27718A}.Debug|Any CPU.ActiveCfg = Debug|Any CPU
		{A6BF9D1A-1456-D6C6-C69C-C58CBA27718A}.Debug|Any CPU.Build.0 = Debug|Any CPU
		{A6BF9D1A-1456-D6C6-C69C-C58CBA27718A}.Release|Any CPU.ActiveCfg = Release|Any CPU
		{A6BF9D1A-1456-D6C6-C69C-C58CBA27718A}.Release|Any CPU.Build.0 = Release|Any CPU
		{E778D061-0277-F5BC-40DB-A1014AEE5681}.Debug|Any CPU.ActiveCfg = Debug|Any CPU
		{E778D061-0277-F5BC-40DB-A1014AEE5681}.Debug|Any CPU.Build.0 = Debug|Any CPU
		{E778D061-0277-F5BC-40DB-A1014AEE5681}.Release|Any CPU.ActiveCfg = Release|Any CPU
		{E778D061-0277-F5BC-40DB-A1014AEE5681}.Release|Any CPU.Build.0 = Release|Any CPU
		{F0396FB5-1E01-A3D5-1EC2-E7625816B4C7}.Debug|Any CPU.ActiveCfg = Debug|Any CPU
		{F0396FB5-1E01-A3D5-1EC2-E7625816B4C7}.Debug|Any CPU.Build.0 = Debug|Any CPU
		{F0396FB5-1E01-A3D5-1EC2-E7625816B4C7}.Release|Any CPU.ActiveCfg = Release|Any CPU
		{F0396FB5-1E01-A3D5-1EC2-E7625816B4C7}.Release|Any CPU.Build.0 = Release|Any CPU
		{5C81F87B-8E02-1E44-7CC3-BA977C6D1C7F}.Debug|Any CPU.ActiveCfg = Debug|Any CPU
		{5C81F87B-8E02-1E44-7CC3-BA977C6D1C7F}.Debug|Any CPU.Build.0 = Debug|Any CPU
		{5C81F87B-8E02-1E44-7CC3-BA977C6D1C7F}.Release|Any CPU.ActiveCfg = Release|Any CPU
		{5C81F87B-8E02-1E44-7CC3-BA977C6D1C7F}.Release|Any CPU.Build.0 = Release|Any CPU
		{AEEC5C82-74A2-4A33-E1C4-D9835D604C84}.Debug|Any CPU.ActiveCfg = Debug|Any CPU
		{AEEC5C82-74A2-4A33-E1C4-D9835D604C84}.Debug|Any CPU.Build.0 = Debug|Any CPU
		{AEEC5C82-74A2-4A33-E1C4-D9835D604C84}.Release|Any CPU.ActiveCfg = Release|Any CPU
		{AEEC5C82-74A2-4A33-E1C4-D9835D604C84}.Release|Any CPU.Build.0 = Release|Any CPU
		{6450D9DF-C816-7E5D-EB62-EC070451FCFB}.Debug|Any CPU.ActiveCfg = Debug|Any CPU
		{6450D9DF-C816-7E5D-EB62-EC070451FCFB}.Debug|Any CPU.Build.0 = Debug|Any CPU
		{6450D9DF-C816-7E5D-EB62-EC070451FCFB}.Release|Any CPU.ActiveCfg = Release|Any CPU
		{6450D9DF-C816-7E5D-EB62-EC070451FCFB}.Release|Any CPU.Build.0 = Release|Any CPU
		{37DE4393-1E91-9BE8-E005-05AE4C49CB8B}.Debug|Any CPU.ActiveCfg = Debug|Any CPU
		{37DE4393-1E91-9BE8-E005-05AE4C49CB8B}.Debug|Any CPU.Build.0 = Debug|Any CPU
		{37DE4393-1E91-9BE8-E005-05AE4C49CB8B}.Release|Any CPU.ActiveCfg = Release|Any CPU
		{37DE4393-1E91-9BE8-E005-05AE4C49CB8B}.Release|Any CPU.Build.0 = Release|Any CPU
		{D1F23839-CF4A-262E-F16B-A06E667462DC}.Debug|Any CPU.ActiveCfg = Debug|Any CPU
		{D1F23839-CF4A-262E-F16B-A06E667462DC}.Debug|Any CPU.Build.0 = Debug|Any CPU
		{D1F23839-CF4A-262E-F16B-A06E667462DC}.Release|Any CPU.ActiveCfg = Release|Any CPU
		{D1F23839-CF4A-262E-F16B-A06E667462DC}.Release|Any CPU.Build.0 = Release|Any CPU
		{423C7815-BB27-FB9B-6A81-9804AA2B7E1F}.Debug|Any CPU.ActiveCfg = Debug|Any CPU
		{423C7815-BB27-FB9B-6A81-9804AA2B7E1F}.Debug|Any CPU.Build.0 = Debug|Any CPU
		{423C7815-BB27-FB9B-6A81-9804AA2B7E1F}.Release|Any CPU.ActiveCfg = Release|Any CPU
		{423C7815-BB27-FB9B-6A81-9804AA2B7E1F}.Release|Any CPU.Build.0 = Release|Any CPU
		{977670B5-C049-C226-C2A9-056A00EF8FBE}.Debug|Any CPU.ActiveCfg = Debug|Any CPU
		{977670B5-C049-C226-C2A9-056A00EF8FBE}.Debug|Any CPU.Build.0 = Debug|Any CPU
		{977670B5-C049-C226-C2A9-056A00EF8FBE}.Release|Any CPU.ActiveCfg = Release|Any CPU
		{977670B5-C049-C226-C2A9-056A00EF8FBE}.Release|Any CPU.Build.0 = Release|Any CPU
		{92109329-DC7B-7E76-6D99-FC9E400222A2}.Debug|Any CPU.ActiveCfg = Debug|Any CPU
		{92109329-DC7B-7E76-6D99-FC9E400222A2}.Debug|Any CPU.Build.0 = Debug|Any CPU
		{92109329-DC7B-7E76-6D99-FC9E400222A2}.Release|Any CPU.ActiveCfg = Release|Any CPU
		{92109329-DC7B-7E76-6D99-FC9E400222A2}.Release|Any CPU.Build.0 = Release|Any CPU
		{6364DAE1-FB24-517D-550D-0B48A5C44652}.Debug|Any CPU.ActiveCfg = Debug|Any CPU
		{6364DAE1-FB24-517D-550D-0B48A5C44652}.Debug|Any CPU.Build.0 = Debug|Any CPU
		{6364DAE1-FB24-517D-550D-0B48A5C44652}.Release|Any CPU.ActiveCfg = Release|Any CPU
		{6364DAE1-FB24-517D-550D-0B48A5C44652}.Release|Any CPU.Build.0 = Release|Any CPU
		{60425F02-CF60-9B3D-BF9A-BEF74E1BBD93}.Debug|Any CPU.ActiveCfg = Debug|Any CPU
		{60425F02-CF60-9B3D-BF9A-BEF74E1BBD93}.Debug|Any CPU.Build.0 = Debug|Any CPU
		{60425F02-CF60-9B3D-BF9A-BEF74E1BBD93}.Release|Any CPU.ActiveCfg = Release|Any CPU
		{60425F02-CF60-9B3D-BF9A-BEF74E1BBD93}.Release|Any CPU.Build.0 = Release|Any CPU
		{4C8FF2C5-CAEE-3DC9-4390-B11377B1043A}.Debug|Any CPU.ActiveCfg = Debug|Any CPU
		{4C8FF2C5-CAEE-3DC9-4390-B11377B1043A}.Debug|Any CPU.Build.0 = Debug|Any CPU
		{4C8FF2C5-CAEE-3DC9-4390-B11377B1043A}.Release|Any CPU.ActiveCfg = Release|Any CPU
		{4C8FF2C5-CAEE-3DC9-4390-B11377B1043A}.Release|Any CPU.Build.0 = Release|Any CPU
		{FCED831C-941B-307D-205B-870810134E92}.Debug|Any CPU.ActiveCfg = Debug|Any CPU
		{FCED831C-941B-307D-205B-870810134E92}.Debug|Any CPU.Build.0 = Debug|Any CPU
		{FCED831C-941B-307D-205B-870810134E92}.Release|Any CPU.ActiveCfg = Release|Any CPU
		{FCED831C-941B-307D-205B-870810134E92}.Release|Any CPU.Build.0 = Release|Any CPU
		{C46786F2-2889-65AB-018D-1823C710BAE1}.Debug|Any CPU.ActiveCfg = Debug|Any CPU
		{C46786F2-2889-65AB-018D-1823C710BAE1}.Debug|Any CPU.Build.0 = Debug|Any CPU
		{C46786F2-2889-65AB-018D-1823C710BAE1}.Release|Any CPU.ActiveCfg = Release|Any CPU
		{C46786F2-2889-65AB-018D-1823C710BAE1}.Release|Any CPU.Build.0 = Release|Any CPU
		{F0FFCBF1-A6F3-4B0B-9577-6CC523122FBA}.Debug|Any CPU.ActiveCfg = Debug|Any CPU
		{F0FFCBF1-A6F3-4B0B-9577-6CC523122FBA}.Debug|Any CPU.Build.0 = Debug|Any CPU
		{F0FFCBF1-A6F3-4B0B-9577-6CC523122FBA}.Release|Any CPU.ActiveCfg = Release|Any CPU
		{F0FFCBF1-A6F3-4B0B-9577-6CC523122FBA}.Release|Any CPU.Build.0 = Release|Any CPU
		{775E71C2-51DF-8BD0-695A-0CF654F9D94D}.Debug|Any CPU.ActiveCfg = Debug|Any CPU
		{775E71C2-51DF-8BD0-695A-0CF654F9D94D}.Debug|Any CPU.Build.0 = Debug|Any CPU
		{775E71C2-51DF-8BD0-695A-0CF654F9D94D}.Release|Any CPU.ActiveCfg = Release|Any CPU
		{775E71C2-51DF-8BD0-695A-0CF654F9D94D}.Release|Any CPU.Build.0 = Release|Any CPU
		{929F1935-1EAC-4D57-63A9-66909BA30D14}.Debug|Any CPU.ActiveCfg = Debug|Any CPU
		{929F1935-1EAC-4D57-63A9-66909BA30D14}.Debug|Any CPU.Build.0 = Debug|Any CPU
		{929F1935-1EAC-4D57-63A9-66909BA30D14}.Release|Any CPU.ActiveCfg = Release|Any CPU
		{929F1935-1EAC-4D57-63A9-66909BA30D14}.Release|Any CPU.Build.0 = Release|Any CPU
		{4C6CCDAA-A6D7-A81B-14E2-D5517C636496}.Debug|Any CPU.ActiveCfg = Debug|Any CPU
		{4C6CCDAA-A6D7-A81B-14E2-D5517C636496}.Debug|Any CPU.Build.0 = Debug|Any CPU
		{4C6CCDAA-A6D7-A81B-14E2-D5517C636496}.Release|Any CPU.ActiveCfg = Release|Any CPU
		{4C6CCDAA-A6D7-A81B-14E2-D5517C636496}.Release|Any CPU.Build.0 = Release|Any CPU
		{886ACB8B-9AB8-08F1-AF84-A198F8C7E0E2}.Debug|Any CPU.ActiveCfg = Debug|Any CPU
		{886ACB8B-9AB8-08F1-AF84-A198F8C7E0E2}.Debug|Any CPU.Build.0 = Debug|Any CPU
		{886ACB8B-9AB8-08F1-AF84-A198F8C7E0E2}.Release|Any CPU.ActiveCfg = Release|Any CPU
		{886ACB8B-9AB8-08F1-AF84-A198F8C7E0E2}.Release|Any CPU.Build.0 = Release|Any CPU
		{0303F15F-B8D4-DCCA-44EE-536AE332F4CE}.Debug|Any CPU.ActiveCfg = Debug|Any CPU
		{0303F15F-B8D4-DCCA-44EE-536AE332F4CE}.Debug|Any CPU.Build.0 = Debug|Any CPU
		{0303F15F-B8D4-DCCA-44EE-536AE332F4CE}.Release|Any CPU.ActiveCfg = Release|Any CPU
		{0303F15F-B8D4-DCCA-44EE-536AE332F4CE}.Release|Any CPU.Build.0 = Release|Any CPU
		{D0D1FEEB-0662-7739-519E-0DDF099D1A59}.Debug|Any CPU.ActiveCfg = Debug|Any CPU
		{D0D1FEEB-0662-7739-519E-0DDF099D1A59}.Debug|Any CPU.Build.0 = Debug|Any CPU
		{D0D1FEEB-0662-7739-519E-0DDF099D1A59}.Release|Any CPU.ActiveCfg = Release|Any CPU
		{D0D1FEEB-0662-7739-519E-0DDF099D1A59}.Release|Any CPU.Build.0 = Release|Any CPU
		{7BD656D9-1DB0-0919-B011-C9DD86C86533}.Debug|Any CPU.ActiveCfg = Debug|Any CPU
		{7BD656D9-1DB0-0919-B011-C9DD86C86533}.Debug|Any CPU.Build.0 = Debug|Any CPU
		{7BD656D9-1DB0-0919-B011-C9DD86C86533}.Release|Any CPU.ActiveCfg = Release|Any CPU
		{7BD656D9-1DB0-0919-B011-C9DD86C86533}.Release|Any CPU.Build.0 = Release|Any CPU
		{A05DDC1C-87A2-8FDF-AA89-0EB9AB6A8BC3}.Debug|Any CPU.ActiveCfg = Debug|Any CPU
		{A05DDC1C-87A2-8FDF-AA89-0EB9AB6A8BC3}.Debug|Any CPU.Build.0 = Debug|Any CPU
		{A05DDC1C-87A2-8FDF-AA89-0EB9AB6A8BC3}.Release|Any CPU.ActiveCfg = Release|Any CPU
		{A05DDC1C-87A2-8FDF-AA89-0EB9AB6A8BC3}.Release|Any CPU.Build.0 = Release|Any CPU
		{9B96A098-A0F1-9ADD-0695-4488AD8BEEC8}.Debug|Any CPU.ActiveCfg = Debug|Any CPU
		{9B96A098-A0F1-9ADD-0695-4488AD8BEEC8}.Debug|Any CPU.Build.0 = Debug|Any CPU
		{9B96A098-A0F1-9ADD-0695-4488AD8BEEC8}.Release|Any CPU.ActiveCfg = Release|Any CPU
		{9B96A098-A0F1-9ADD-0695-4488AD8BEEC8}.Release|Any CPU.Build.0 = Release|Any CPU
		{B3BDE0EF-F12D-D906-92CA-E420FB3F547A}.Debug|Any CPU.ActiveCfg = Debug|Any CPU
		{B3BDE0EF-F12D-D906-92CA-E420FB3F547A}.Debug|Any CPU.Build.0 = Debug|Any CPU
		{B3BDE0EF-F12D-D906-92CA-E420FB3F547A}.Release|Any CPU.ActiveCfg = Release|Any CPU
		{B3BDE0EF-F12D-D906-92CA-E420FB3F547A}.Release|Any CPU.Build.0 = Release|Any CPU
		{17E1EFA6-36E3-8B4B-1025-0868911DA8FF}.Debug|Any CPU.ActiveCfg = Debug|Any CPU
		{17E1EFA6-36E3-8B4B-1025-0868911DA8FF}.Debug|Any CPU.Build.0 = Debug|Any CPU
		{17E1EFA6-36E3-8B4B-1025-0868911DA8FF}.Release|Any CPU.ActiveCfg = Release|Any CPU
		{17E1EFA6-36E3-8B4B-1025-0868911DA8FF}.Release|Any CPU.Build.0 = Release|Any CPU
		{FADEA149-1516-D6EC-A4CA-A0A5B9161D1F}.Debug|Any CPU.ActiveCfg = Debug|Any CPU
		{FADEA149-1516-D6EC-A4CA-A0A5B9161D1F}.Debug|Any CPU.Build.0 = Debug|Any CPU
		{FADEA149-1516-D6EC-A4CA-A0A5B9161D1F}.Release|Any CPU.ActiveCfg = Release|Any CPU
		{FADEA149-1516-D6EC-A4CA-A0A5B9161D1F}.Release|Any CPU.Build.0 = Release|Any CPU
		{400F888F-B6D2-F094-0E2C-EAFE77A4DC16}.Debug|Any CPU.ActiveCfg = Debug|Any CPU
		{400F888F-B6D2-F094-0E2C-EAFE77A4DC16}.Debug|Any CPU.Build.0 = Debug|Any CPU
		{400F888F-B6D2-F094-0E2C-EAFE77A4DC16}.Release|Any CPU.ActiveCfg = Release|Any CPU
		{400F888F-B6D2-F094-0E2C-EAFE77A4DC16}.Release|Any CPU.Build.0 = Release|Any CPU
		{FC505AAB-2022-4559-40D0-69193027CB88}.Debug|Any CPU.ActiveCfg = Debug|Any CPU
		{FC505AAB-2022-4559-40D0-69193027CB88}.Debug|Any CPU.Build.0 = Debug|Any CPU
		{FC505AAB-2022-4559-40D0-69193027CB88}.Release|Any CPU.ActiveCfg = Release|Any CPU
		{FC505AAB-2022-4559-40D0-69193027CB88}.Release|Any CPU.Build.0 = Release|Any CPU
		{4FBDE400-57C6-7E9B-3771-CDAAA1E17591}.Debug|Any CPU.ActiveCfg = Debug|Any CPU
		{4FBDE400-57C6-7E9B-3771-CDAAA1E17591}.Debug|Any CPU.Build.0 = Debug|Any CPU
		{4FBDE400-57C6-7E9B-3771-CDAAA1E17591}.Release|Any CPU.ActiveCfg = Release|Any CPU
		{4FBDE400-57C6-7E9B-3771-CDAAA1E17591}.Release|Any CPU.Build.0 = Release|Any CPU
		{613CFEA1-4D47-4B18-5099-E672D4D07DB7}.Debug|Any CPU.ActiveCfg = Debug|Any CPU
		{613CFEA1-4D47-4B18-5099-E672D4D07DB7}.Debug|Any CPU.Build.0 = Debug|Any CPU
		{613CFEA1-4D47-4B18-5099-E672D4D07DB7}.Release|Any CPU.ActiveCfg = Release|Any CPU
		{613CFEA1-4D47-4B18-5099-E672D4D07DB7}.Release|Any CPU.Build.0 = Release|Any CPU
		{8DD3F296-0093-3CAF-9E01-9228A275035E}.Debug|Any CPU.ActiveCfg = Debug|Any CPU
		{8DD3F296-0093-3CAF-9E01-9228A275035E}.Debug|Any CPU.Build.0 = Debug|Any CPU
		{8DD3F296-0093-3CAF-9E01-9228A275035E}.Release|Any CPU.ActiveCfg = Release|Any CPU
		{8DD3F296-0093-3CAF-9E01-9228A275035E}.Release|Any CPU.Build.0 = Release|Any CPU
		{6567B86D-6C93-B7D8-5CDF-BBD1124E6ED1}.Debug|Any CPU.ActiveCfg = Debug|Any CPU
		{6567B86D-6C93-B7D8-5CDF-BBD1124E6ED1}.Debug|Any CPU.Build.0 = Debug|Any CPU
		{6567B86D-6C93-B7D8-5CDF-BBD1124E6ED1}.Release|Any CPU.ActiveCfg = Release|Any CPU
		{6567B86D-6C93-B7D8-5CDF-BBD1124E6ED1}.Release|Any CPU.Build.0 = Release|Any CPU
		{423B7DC6-F13B-74B4-AE67-164A7ADF1F77}.Debug|Any CPU.ActiveCfg = Debug|Any CPU
		{423B7DC6-F13B-74B4-AE67-164A7ADF1F77}.Debug|Any CPU.Build.0 = Debug|Any CPU
		{423B7DC6-F13B-74B4-AE67-164A7ADF1F77}.Release|Any CPU.ActiveCfg = Release|Any CPU
		{423B7DC6-F13B-74B4-AE67-164A7ADF1F77}.Release|Any CPU.Build.0 = Release|Any CPU
		{D470AE98-C74D-6CAA-867F-15AC9C41EAE7}.Debug|Any CPU.ActiveCfg = Debug|Any CPU
		{D470AE98-C74D-6CAA-867F-15AC9C41EAE7}.Debug|Any CPU.Build.0 = Debug|Any CPU
		{D470AE98-C74D-6CAA-867F-15AC9C41EAE7}.Release|Any CPU.ActiveCfg = Release|Any CPU
		{D470AE98-C74D-6CAA-867F-15AC9C41EAE7}.Release|Any CPU.Build.0 = Release|Any CPU
		{A8E57E95-B08C-DE16-B2D6-44B2DC0ECF7A}.Debug|Any CPU.ActiveCfg = Debug|Any CPU
		{A8E57E95-B08C-DE16-B2D6-44B2DC0ECF7A}.Debug|Any CPU.Build.0 = Debug|Any CPU
		{A8E57E95-B08C-DE16-B2D6-44B2DC0ECF7A}.Release|Any CPU.ActiveCfg = Release|Any CPU
		{A8E57E95-B08C-DE16-B2D6-44B2DC0ECF7A}.Release|Any CPU.Build.0 = Release|Any CPU
		{1D0CD877-580D-5FF5-3890-7AA33941EDB9}.Debug|Any CPU.ActiveCfg = Debug|Any CPU
		{1D0CD877-580D-5FF5-3890-7AA33941EDB9}.Debug|Any CPU.Build.0 = Debug|Any CPU
		{1D0CD877-580D-5FF5-3890-7AA33941EDB9}.Release|Any CPU.ActiveCfg = Release|Any CPU
		{1D0CD877-580D-5FF5-3890-7AA33941EDB9}.Release|Any CPU.Build.0 = Release|Any CPU
		{4CC8566C-70A1-3AB6-6E90-AC32F2F5BAD5}.Debug|Any CPU.ActiveCfg = Debug|Any CPU
		{4CC8566C-70A1-3AB6-6E90-AC32F2F5BAD5}.Debug|Any CPU.Build.0 = Debug|Any CPU
		{4CC8566C-70A1-3AB6-6E90-AC32F2F5BAD5}.Release|Any CPU.ActiveCfg = Release|Any CPU
		{4CC8566C-70A1-3AB6-6E90-AC32F2F5BAD5}.Release|Any CPU.Build.0 = Release|Any CPU
		{E2BA73DB-1CB9-D4E9-1A30-84906857B6E4}.Debug|Any CPU.ActiveCfg = Debug|Any CPU
		{E2BA73DB-1CB9-D4E9-1A30-84906857B6E4}.Debug|Any CPU.Build.0 = Debug|Any CPU
		{E2BA73DB-1CB9-D4E9-1A30-84906857B6E4}.Release|Any CPU.ActiveCfg = Release|Any CPU
		{E2BA73DB-1CB9-D4E9-1A30-84906857B6E4}.Release|Any CPU.Build.0 = Release|Any CPU
		{E4057AEB-B4ED-DD7D-B180-BFC7462C2F61}.Debug|Any CPU.ActiveCfg = Debug|Any CPU
		{E4057AEB-B4ED-DD7D-B180-BFC7462C2F61}.Debug|Any CPU.Build.0 = Debug|Any CPU
		{E4057AEB-B4ED-DD7D-B180-BFC7462C2F61}.Release|Any CPU.ActiveCfg = Release|Any CPU
		{E4057AEB-B4ED-DD7D-B180-BFC7462C2F61}.Release|Any CPU.Build.0 = Release|Any CPU
		{946462EF-619D-A4B2-8C26-2405329F35E8}.Debug|Any CPU.ActiveCfg = Debug|Any CPU
		{946462EF-619D-A4B2-8C26-2405329F35E8}.Debug|Any CPU.Build.0 = Debug|Any CPU
		{946462EF-619D-A4B2-8C26-2405329F35E8}.Release|Any CPU.ActiveCfg = Release|Any CPU
		{946462EF-619D-A4B2-8C26-2405329F35E8}.Release|Any CPU.Build.0 = Release|Any CPU
		{6D9B9276-6660-378D-1934-40B69B25D16C}.Debug|Any CPU.ActiveCfg = Debug|Any CPU
		{6D9B9276-6660-378D-1934-40B69B25D16C}.Debug|Any CPU.Build.0 = Debug|Any CPU
		{6D9B9276-6660-378D-1934-40B69B25D16C}.Release|Any CPU.ActiveCfg = Release|Any CPU
		{6D9B9276-6660-378D-1934-40B69B25D16C}.Release|Any CPU.Build.0 = Release|Any CPU
		{65642634-C11B-64C5-FE9F-16964A683EF7}.Debug|Any CPU.ActiveCfg = Debug|Any CPU
		{65642634-C11B-64C5-FE9F-16964A683EF7}.Debug|Any CPU.Build.0 = Debug|Any CPU
		{65642634-C11B-64C5-FE9F-16964A683EF7}.Release|Any CPU.ActiveCfg = Release|Any CPU
		{65642634-C11B-64C5-FE9F-16964A683EF7}.Release|Any CPU.Build.0 = Release|Any CPU
		{FE01DCF3-D3AB-D193-5B52-74BBA835199D}.Debug|Any CPU.ActiveCfg = Debug|Any CPU
		{FE01DCF3-D3AB-D193-5B52-74BBA835199D}.Debug|Any CPU.Build.0 = Debug|Any CPU
		{FE01DCF3-D3AB-D193-5B52-74BBA835199D}.Release|Any CPU.ActiveCfg = Release|Any CPU
		{FE01DCF3-D3AB-D193-5B52-74BBA835199D}.Release|Any CPU.Build.0 = Release|Any CPU
	EndGlobalSection
	GlobalSection(SolutionProperties) = preSolution
		HideSolutionNode = FALSE
	EndGlobalSection
EndGlobal
